
Microsoft Visual Studio Solution File, Format Version 12.00
# Visual Studio 14
VisualStudioVersion = 14.0.24720.0
MinimumVisualStudioVersion = 10.0.40219.1
Project("{2150E333-8FDC-42A3-9474-1A3956D46DE8}") = "src", "src", "{FC34250C-49C8-4213-8A60-6C72EA85205B}"
EndProject
Project("{2150E333-8FDC-42A3-9474-1A3956D46DE8}") = "Solution Items", "Solution Items", "{75F5DB38-8820-4F10-8A2C-7EDA629C0CBA}"
	ProjectSection(SolutionItems) = preProject
		global.json = global.json
	EndProjectSection
EndProject
Project("{8BB2217D-0F2D-49D1-97BC-3654ED321F3B}") = "ToDoList", "src\ToDoList\ToDoList.xproj", "{658CCEA5-3D6E-4D0E-9A9D-B596CBB5B833}"
EndProject
Global
	GlobalSection(SolutionConfigurationPlatforms) = preSolution
		Debug|Any CPU = Debug|Any CPU
		Release|Any CPU = Release|Any CPU
	EndGlobalSection
	GlobalSection(ProjectConfigurationPlatforms) = postSolution
		{658CCEA5-3D6E-4D0E-9A9D-B596CBB5B833}.Debug|Any CPU.ActiveCfg = Debug|Any CPU
		{658CCEA5-3D6E-4D0E-9A9D-B596CBB5B833}.Debug|Any CPU.Build.0 = Debug|Any CPU
		{658CCEA5-3D6E-4D0E-9A9D-B596CBB5B833}.Release|Any CPU.ActiveCfg = Release|Any CPU
		{658CCEA5-3D6E-4D0E-9A9D-B596CBB5B833}.Release|Any CPU.Build.0 = Release|Any CPU
	EndGlobalSection
	GlobalSection(SolutionProperties) = preSolution
		HideSolutionNode = FALSE
	EndGlobalSection
	GlobalSection(NestedProjects) = preSolution
		{658CCEA5-3D6E-4D0E-9A9D-B596CBB5B833} = {FC34250C-49C8-4213-8A60-6C72EA85205B}
	EndGlobalSection
EndGlobal
